
Microsoft Visual Studio Solution File, Format Version 11.00
# Visual Studio 2010
# SharpDevelop 4.3
Project("{FAE04EC0-301F-11D3-BF4B-00C04F79EFBC}") = "changesit", "changesit.csproj", "{521211C1-7B36-46DD-A1B5-BEED376AF588}"
EndProject
Global
	GlobalSection(SolutionConfigurationPlatforms) = preSolution
		Debug|Any CPU = Debug|Any CPU
		Release|Any CPU = Release|Any CPU
	EndGlobalSection
	GlobalSection(ProjectConfigurationPlatforms) = postSolution
		{521211C1-7B36-46DD-A1B5-BEED376AF588}.Debug|Any CPU.Build.0 = Debug|Any CPU
		{521211C1-7B36-46DD-A1B5-BEED376AF588}.Debug|Any CPU.ActiveCfg = Debug|Any CPU
		{521211C1-7B36-46DD-A1B5-BEED376AF588}.Release|Any CPU.Build.0 = Release|Any CPU
		{521211C1-7B36-46DD-A1B5-BEED376AF588}.Release|Any CPU.ActiveCfg = Release|Any CPU
	EndGlobalSection
EndGlobal
